
Microsoft Visual Studio Solution File, Format Version 12.00
# Visual Studio 11
Project("{FAE04EC0-301F-11D3-BF4B-00C04F79EFBC}") = "CustomSerialization", "CustomSerialization.csproj", "{3884A3E6-B222-43F6-A4A7-8D523E05404A}"
EndProject
Global
	GlobalSection(SolutionConfigurationPlatforms) = preSolution
		Debug|Any CPU = Debug|Any CPU
		Release|Any CPU = Release|Any CPU
	EndGlobalSection
	GlobalSection(ProjectConfigurationPlatforms) = postSolution
		{3884A3E6-B222-43F6-A4A7-8D523E05404A}.Debug|Any CPU.ActiveCfg = Debug|Any CPU
		{3884A3E6-B222-43F6-A4A7-8D523E05404A}.Debug|Any CPU.Build.0 = Debug|Any CPU
		{3884A3E6-B222-43F6-A4A7-8D523E05404A}.Release|Any CPU.ActiveCfg = Release|Any CPU
		{3884A3E6-B222-43F6-A4A7-8D523E05404A}.Release|Any CPU.Build.0 = Release|Any CPU
	EndGlobalSection
	GlobalSection(SolutionProperties) = preSolution
		HideSolutionNode = FALSE
	EndGlobalSection
EndGlobal
