
Microsoft Visual Studio Solution File, Format Version 12.00
# Visual Studio 14
VisualStudioVersion = 14.0.22823.1
MinimumVisualStudioVersion = 10.0.40219.1
Project("{FAE04EC0-301F-11D3-BF4B-00C04F79EFBC}") = "CustomNamespaces", "CustomNamespaces.csproj", "{879E96A7-213C-473E-8C84-EDE982A2190D}"
EndProject
Global
	GlobalSection(SolutionConfigurationPlatforms) = preSolution
		Debug|Any CPU = Debug|Any CPU
		Release|Any CPU = Release|Any CPU
	EndGlobalSection
	GlobalSection(ProjectConfigurationPlatforms) = postSolution
		{879E96A7-213C-473E-8C84-EDE982A2190D}.Debug|Any CPU.ActiveCfg = Debug|Any CPU
		{879E96A7-213C-473E-8C84-EDE982A2190D}.Debug|Any CPU.Build.0 = Debug|Any CPU
		{879E96A7-213C-473E-8C84-EDE982A2190D}.Release|Any CPU.ActiveCfg = Release|Any CPU
		{879E96A7-213C-473E-8C84-EDE982A2190D}.Release|Any CPU.Build.0 = Release|Any CPU
	EndGlobalSection
	GlobalSection(SolutionProperties) = preSolution
		HideSolutionNode = FALSE
	EndGlobalSection
EndGlobal
