
Microsoft Visual Studio Solution File, Format Version 12.00
# Visual Studio 14
VisualStudioVersion = 14.0.22823.1
MinimumVisualStudioVersion = 10.0.40219.1
Project("{FAE04EC0-301F-11D3-BF4B-00C04F79EFBC}") = "Employees", "Employees.csproj", "{F9F7BEE2-483F-47C3-956D-7A01016FF690}"
EndProject
Global
	GlobalSection(SolutionConfigurationPlatforms) = preSolution
		Debug|Any CPU = Debug|Any CPU
		Release|Any CPU = Release|Any CPU
	EndGlobalSection
	GlobalSection(ProjectConfigurationPlatforms) = postSolution
		{F9F7BEE2-483F-47C3-956D-7A01016FF690}.Debug|Any CPU.ActiveCfg = Debug|Any CPU
		{F9F7BEE2-483F-47C3-956D-7A01016FF690}.Debug|Any CPU.Build.0 = Debug|Any CPU
		{F9F7BEE2-483F-47C3-956D-7A01016FF690}.Release|Any CPU.ActiveCfg = Release|Any CPU
		{F9F7BEE2-483F-47C3-956D-7A01016FF690}.Release|Any CPU.Build.0 = Release|Any CPU
	EndGlobalSection
	GlobalSection(SolutionProperties) = preSolution
		HideSolutionNode = FALSE
	EndGlobalSection
EndGlobal
