
Microsoft Visual Studio Solution File, Format Version 12.00
# Visual Studio 14
VisualStudioVersion = 14.0.22823.1
MinimumVisualStudioVersion = 10.0.40219.1
Project("{FAE04EC0-301F-11D3-BF4B-00C04F79EFBC}") = "LateBindingWithDynamic", "LateBindingWithDynamic.csproj", "{D85128AA-66A3-435A-912A-0A2053E6C04A}"
EndProject
Project("{FAE04EC0-301F-11D3-BF4B-00C04F79EFBC}") = "MathLibrary", "..\MathLibrary\MathLibrary\MathLibrary.csproj", "{F54D2612-625A-4338-8C4F-E7E88B84314C}"
EndProject
Global
	GlobalSection(SolutionConfigurationPlatforms) = preSolution
		Debug|Any CPU = Debug|Any CPU
		Release|Any CPU = Release|Any CPU
	EndGlobalSection
	GlobalSection(ProjectConfigurationPlatforms) = postSolution
		{D85128AA-66A3-435A-912A-0A2053E6C04A}.Debug|Any CPU.ActiveCfg = Debug|Any CPU
		{D85128AA-66A3-435A-912A-0A2053E6C04A}.Debug|Any CPU.Build.0 = Debug|Any CPU
		{D85128AA-66A3-435A-912A-0A2053E6C04A}.Release|Any CPU.ActiveCfg = Release|Any CPU
		{D85128AA-66A3-435A-912A-0A2053E6C04A}.Release|Any CPU.Build.0 = Release|Any CPU
		{F54D2612-625A-4338-8C4F-E7E88B84314C}.Debug|Any CPU.ActiveCfg = Debug|Any CPU
		{F54D2612-625A-4338-8C4F-E7E88B84314C}.Debug|Any CPU.Build.0 = Debug|Any CPU
		{F54D2612-625A-4338-8C4F-E7E88B84314C}.Release|Any CPU.ActiveCfg = Release|Any CPU
		{F54D2612-625A-4338-8C4F-E7E88B84314C}.Release|Any CPU.Build.0 = Release|Any CPU
	EndGlobalSection
	GlobalSection(SolutionProperties) = preSolution
		HideSolutionNode = FALSE
	EndGlobalSection
EndGlobal
