
Microsoft Visual Studio Solution File, Format Version 12.00
# Visual Studio 11
Project("{FAE04EC0-301F-11D3-BF4B-00C04F79EFBC}") = "FunWithCSharpAsync", "FunWithCSharpAsync.csproj", "{ECB5D1C0-9A33-4D2A-A2CD-199D486396FE}"
EndProject
Global
	GlobalSection(SolutionConfigurationPlatforms) = preSolution
		Debug|Any CPU = Debug|Any CPU
		Release|Any CPU = Release|Any CPU
	EndGlobalSection
	GlobalSection(ProjectConfigurationPlatforms) = postSolution
		{ECB5D1C0-9A33-4D2A-A2CD-199D486396FE}.Debug|Any CPU.ActiveCfg = Debug|Any CPU
		{ECB5D1C0-9A33-4D2A-A2CD-199D486396FE}.Debug|Any CPU.Build.0 = Debug|Any CPU
		{ECB5D1C0-9A33-4D2A-A2CD-199D486396FE}.Release|Any CPU.ActiveCfg = Release|Any CPU
		{ECB5D1C0-9A33-4D2A-A2CD-199D486396FE}.Release|Any CPU.Build.0 = Release|Any CPU
	EndGlobalSection
	GlobalSection(SolutionProperties) = preSolution
		HideSolutionNode = FALSE
	EndGlobalSection
EndGlobal
