
Microsoft Visual Studio Solution File, Format Version 12.00
# Visual Studio 14
VisualStudioVersion = 14.0.22823.1
MinimumVisualStudioVersion = 10.0.40219.1
Project("{FAE04EC0-301F-11D3-BF4B-00C04F79EFBC}") = "AutoProps", "AutoProps.csproj", "{F413134B-182B-465A-9882-C98DAB22147A}"
EndProject
Global
	GlobalSection(SolutionConfigurationPlatforms) = preSolution
		Debug|Any CPU = Debug|Any CPU
		Release|Any CPU = Release|Any CPU
	EndGlobalSection
	GlobalSection(ProjectConfigurationPlatforms) = postSolution
		{F413134B-182B-465A-9882-C98DAB22147A}.Debug|Any CPU.ActiveCfg = Debug|Any CPU
		{F413134B-182B-465A-9882-C98DAB22147A}.Debug|Any CPU.Build.0 = Debug|Any CPU
		{F413134B-182B-465A-9882-C98DAB22147A}.Release|Any CPU.ActiveCfg = Release|Any CPU
		{F413134B-182B-465A-9882-C98DAB22147A}.Release|Any CPU.Build.0 = Release|Any CPU
	EndGlobalSection
	GlobalSection(SolutionProperties) = preSolution
		HideSolutionNode = FALSE
	EndGlobalSection
EndGlobal
