
Microsoft Visual Studio Solution File, Format Version 11.00
# Visual Studio 2010
Project("{FAE04EC0-301F-11D3-BF4B-00C04F79EFBC}") = "MyTypeViewer", "MyTypeViewer.csproj", "{600175FB-6598-4611-AF3C-80F3FA037934}"
EndProject
Global
	GlobalSection(SolutionConfigurationPlatforms) = preSolution
		Debug|x86 = Debug|x86
		Release|x86 = Release|x86
	EndGlobalSection
	GlobalSection(ProjectConfigurationPlatforms) = postSolution
		{600175FB-6598-4611-AF3C-80F3FA037934}.Debug|x86.ActiveCfg = Debug|x86
		{600175FB-6598-4611-AF3C-80F3FA037934}.Debug|x86.Build.0 = Debug|x86
		{600175FB-6598-4611-AF3C-80F3FA037934}.Release|x86.ActiveCfg = Release|x86
		{600175FB-6598-4611-AF3C-80F3FA037934}.Release|x86.Build.0 = Release|x86
	EndGlobalSection
	GlobalSection(SolutionProperties) = preSolution
		HideSolutionNode = FALSE
	EndGlobalSection
EndGlobal
